
Microsoft Visual Studio Solution File, Format Version 12.00
# Visual Studio Version 17
VisualStudioVersion = 17.7.34031.279
MinimumVisualStudioVersion = 10.0.40219.1
Project("{FAE04EC0-301F-11D3-BF4B-00C04F79EFBC}") = "Baiguzin_Глазки-save", "Baiguzin_Глазки-save.csproj", "{86852C6A-7C59-41AE-9315-FC2D7B444FCE}"
EndProject
Global
	GlobalSection(SolutionConfigurationPlatforms) = preSolution
		Debug|Any CPU = Debug|Any CPU
		Release|Any CPU = Release|Any CPU
	EndGlobalSection
	GlobalSection(ProjectConfigurationPlatforms) = postSolution
		{86852C6A-7C59-41AE-9315-FC2D7B444FCE}.Debug|Any CPU.ActiveCfg = Debug|Any CPU
		{86852C6A-7C59-41AE-9315-FC2D7B444FCE}.Debug|Any CPU.Build.0 = Debug|Any CPU
		{86852C6A-7C59-41AE-9315-FC2D7B444FCE}.Release|Any CPU.ActiveCfg = Release|Any CPU
		{86852C6A-7C59-41AE-9315-FC2D7B444FCE}.Release|Any CPU.Build.0 = Release|Any CPU
	EndGlobalSection
	GlobalSection(SolutionProperties) = preSolution
		HideSolutionNode = FALSE
	EndGlobalSection
	GlobalSection(ExtensibilityGlobals) = postSolution
		SolutionGuid = {AE9BD7C7-E460-4655-9E6A-695DC0EBD604}
	EndGlobalSection
EndGlobal
